
Microsoft Visual Studio Solution File, Format Version 12.00
# Visual Studio Version 16
VisualStudioVersion = 16.0.29728.190
MinimumVisualStudioVersion = 10.0.40219.1
Project("{FAE04EC0-301F-11D3-BF4B-00C04F79EFBC}") = "Project-Habix-2020", "Project-Habix-2020\Project-Habix-2020.csproj", "{33ACBC0A-EEEA-43A3-84F0-D141A513E0CE}"
EndProject
Project("{2150E333-8FDC-42A3-9474-1A3956D46DE8}") = "Camada 1", "Camada 1", "{829D715C-5711-4A60-B38E-FAEE0414CB0D}"
EndProject
Project("{2150E333-8FDC-42A3-9474-1A3956D46DE8}") = "API", "API", "{6DF3C809-AD92-4F79-A305-5CF957FFADD1}"
EndProject
Project("{2150E333-8FDC-42A3-9474-1A3956D46DE8}") = "Camada 2", "Camada 2", "{A04658C0-44BB-45FB-BA4D-59B1A6153FE9}"
EndProject
Project("{2150E333-8FDC-42A3-9474-1A3956D46DE8}") = "SERVICES", "SERVICES", "{C6CAADE8-29F0-4605-A4CA-043045C46147}"
EndProject
Project("{2150E333-8FDC-42A3-9474-1A3956D46DE8}") = "Camada 3", "Camada 3", "{274B012F-CC93-42A9-86A2-31EF39A136EB}"
EndProject
Project("{2150E333-8FDC-42A3-9474-1A3956D46DE8}") = "DAL", "DAL", "{0D30C1A4-0674-4516-85EB-D046DFDA85CA}"
EndProject
Project("{2150E333-8FDC-42A3-9474-1A3956D46DE8}") = "EF", "EF", "{0453B6E4-F5B9-4A24-9D84-B064430E70AF}"
EndProject
Project("{2150E333-8FDC-42A3-9474-1A3956D46DE8}") = "POCO", "POCO", "{C3DAE30B-20D7-46F1-93F9-5BE0BD6CBD14}"
EndProject
Global
	GlobalSection(SolutionConfigurationPlatforms) = preSolution
		Debug|Any CPU = Debug|Any CPU
		Release|Any CPU = Release|Any CPU
	EndGlobalSection
	GlobalSection(ProjectConfigurationPlatforms) = postSolution
		{33ACBC0A-EEEA-43A3-84F0-D141A513E0CE}.Debug|Any CPU.ActiveCfg = Debug|Any CPU
		{33ACBC0A-EEEA-43A3-84F0-D141A513E0CE}.Debug|Any CPU.Build.0 = Debug|Any CPU
		{33ACBC0A-EEEA-43A3-84F0-D141A513E0CE}.Release|Any CPU.ActiveCfg = Release|Any CPU
		{33ACBC0A-EEEA-43A3-84F0-D141A513E0CE}.Release|Any CPU.Build.0 = Release|Any CPU
	EndGlobalSection
	GlobalSection(SolutionProperties) = preSolution
		HideSolutionNode = FALSE
	EndGlobalSection
	GlobalSection(NestedProjects) = preSolution
		{33ACBC0A-EEEA-43A3-84F0-D141A513E0CE} = {6DF3C809-AD92-4F79-A305-5CF957FFADD1}
		{6DF3C809-AD92-4F79-A305-5CF957FFADD1} = {829D715C-5711-4A60-B38E-FAEE0414CB0D}
		{C6CAADE8-29F0-4605-A4CA-043045C46147} = {A04658C0-44BB-45FB-BA4D-59B1A6153FE9}
		{0D30C1A4-0674-4516-85EB-D046DFDA85CA} = {274B012F-CC93-42A9-86A2-31EF39A136EB}
		{0453B6E4-F5B9-4A24-9D84-B064430E70AF} = {274B012F-CC93-42A9-86A2-31EF39A136EB}
		{C3DAE30B-20D7-46F1-93F9-5BE0BD6CBD14} = {274B012F-CC93-42A9-86A2-31EF39A136EB}
	EndGlobalSection
	GlobalSection(ExtensibilityGlobals) = postSolution
		SolutionGuid = {A3358D61-0797-46EC-B417-E5B6C6E0F8A6}
	EndGlobalSection
EndGlobal
